
Microsoft Visual Studio Solution File, Format Version 12.00
# Visual Studio Version 17
VisualStudioVersion = 17.9.34701.34
MinimumVisualStudioVersion = 10.0.40219.1
Project("{FAE04EC0-301F-11D3-BF4B-00C04F79EFBC}") = "Day2", "Day2.csproj", "{EE85716F-2A19-4642-9FB2-2DC35E4F8C25}"
EndProject
Global
	GlobalSection(SolutionConfigurationPlatforms) = preSolution
		Debug|Any CPU = Debug|Any CPU
		Release|Any CPU = Release|Any CPU
	EndGlobalSection
	GlobalSection(ProjectConfigurationPlatforms) = postSolution
		{EE85716F-2A19-4642-9FB2-2DC35E4F8C25}.Debug|Any CPU.ActiveCfg = Debug|Any CPU
		{EE85716F-2A19-4642-9FB2-2DC35E4F8C25}.Debug|Any CPU.Build.0 = Debug|Any CPU
		{EE85716F-2A19-4642-9FB2-2DC35E4F8C25}.Release|Any CPU.ActiveCfg = Release|Any CPU
		{EE85716F-2A19-4642-9FB2-2DC35E4F8C25}.Release|Any CPU.Build.0 = Release|Any CPU
	EndGlobalSection
	GlobalSection(SolutionProperties) = preSolution
		HideSolutionNode = FALSE
	EndGlobalSection
	GlobalSection(ExtensibilityGlobals) = postSolution
		SolutionGuid = {3669BAAC-1EC1-4308-A836-FFC9A8EFE0AC}
	EndGlobalSection
EndGlobal
